// !$*UTF8*$!
{
	archiveVersion = 1;
	classes = {
	};
	objectVersion = 55;
	objects = {

/* Begin PBXBuildFile section */
		D21A2F94272720D500A99316 /* TestResultView.swift in Sources */ = {isa = PBXBuildFile; fileRef = D21A2F93272720D500A99316 /* TestResultView.swift */; };
		D221F46527221B8900BAAB3A /* LearningApp.swift in Sources */ = {isa = PBXBuildFile; fileRef = D221F46427221B8900BAAB3A /* LearningApp.swift */; };
		D221F46727221B8900BAAB3A /* HomeView.swift in Sources */ = {isa = PBXBuildFile; fileRef = D221F46627221B8900BAAB3A /* HomeView.swift */; };
		D221F46927221B8A00BAAB3A /* Assets.xcassets in Resources */ = {isa = PBXBuildFile; fileRef = D221F46827221B8A00BAAB3A /* Assets.xcassets */; };
		D221F46C27221B8A00BAAB3A /* Preview Assets.xcassets in Resources */ = {isa = PBXBuildFile; fileRef = D221F46B27221B8A00BAAB3A /* Preview Assets.xcassets */; };
		D221F47827221C7300BAAB3A /* ContentModel.swift in Sources */ = {isa = PBXBuildFile; fileRef = D221F47727221C7300BAAB3A /* ContentModel.swift */; };
		D221F47B27221E1500BAAB3A /* style.html in Resources */ = {isa = PBXBuildFile; fileRef = D221F47927221E1500BAAB3A /* style.html */; };
		D221F47C27221E1500BAAB3A /* data.json in Resources */ = {isa = PBXBuildFile; fileRef = D221F47A27221E1500BAAB3A /* data.json */; };
		D221F47E27221FF700BAAB3A /* Models.swift in Sources */ = {isa = PBXBuildFile; fileRef = D221F47D27221FF700BAAB3A /* Models.swift */; };
		D24DED4C27236FF800458C03 /* RectangleCard.swift in Sources */ = {isa = PBXBuildFile; fileRef = D24DED4B27236FF800458C03 /* RectangleCard.swift */; };
		D24DED4E2723715900458C03 /* TestView.swift in Sources */ = {isa = PBXBuildFile; fileRef = D24DED4D2723715900458C03 /* TestView.swift */; };
		D27DB40E2723228B00AEDFFA /* HomeViewRow.swift in Sources */ = {isa = PBXBuildFile; fileRef = D27DB40D2723228B00AEDFFA /* HomeViewRow.swift */; };
		D27DB4102723257200AEDFFA /* ContentView.swift in Sources */ = {isa = PBXBuildFile; fileRef = D27DB40F2723257200AEDFFA /* ContentView.swift */; };
		D27DB41227232C5300AEDFFA /* ContentViewRow.swift in Sources */ = {isa = PBXBuildFile; fileRef = D27DB41127232C5300AEDFFA /* ContentViewRow.swift */; };
		D27DB41427232D7800AEDFFA /* ContentDetailView.swift in Sources */ = {isa = PBXBuildFile; fileRef = D27DB41327232D7800AEDFFA /* ContentDetailView.swift */; };
		D27DB41727232F2000AEDFFA /* AVKit.framework in Frameworks */ = {isa = PBXBuildFile; fileRef = D27DB41627232F2000AEDFFA /* AVKit.framework */; };
		D27DB4192723301E00AEDFFA /* Constants.swift in Sources */ = {isa = PBXBuildFile; fileRef = D27DB4182723301E00AEDFFA /* Constants.swift */; };
		D27DB41B27234A0300AEDFFA /* CodeTextView.swift in Sources */ = {isa = PBXBuildFile; fileRef = D27DB41A27234A0300AEDFFA /* CodeTextView.swift */; };
/* End PBXBuildFile section */

/* Begin PBXFileReference section */
		D21A2F93272720D500A99316 /* TestResultView.swift */ = {isa = PBXFileReference; lastKnownFileType = sourcecode.swift; path = TestResultView.swift; sourceTree = "<group>"; };
		D221F46127221B8900BAAB3A /* LearningApp.app */ = {isa = PBXFileReference; explicitFileType = wrapper.application; includeInIndex = 0; path = LearningApp.app; sourceTree = BUILT_PRODUCTS_DIR; };
		D221F46427221B8900BAAB3A /* LearningApp.swift */ = {isa = PBXFileReference; lastKnownFileType = sourcecode.swift; path = LearningApp.swift; sourceTree = "<group>"; };
		D221F46627221B8900BAAB3A /* HomeView.swift */ = {isa = PBXFileReference; lastKnownFileType = sourcecode.swift; path = HomeView.swift; sourceTree = "<group>"; };
		D221F46827221B8A00BAAB3A /* Assets.xcassets */ = {isa = PBXFileReference; lastKnownFileType = folder.assetcatalog; path = Assets.xcassets; sourceTree = "<group>"; };
		D221F46B27221B8A00BAAB3A /* Preview Assets.xcassets */ = {isa = PBXFileReference; lastKnownFileType = folder.assetcatalog; path = "Preview Assets.xcassets"; sourceTree = "<group>"; };
		D221F47727221C7300BAAB3A /* ContentModel.swift */ = {isa = PBXFileReference; lastKnownFileType = sourcecode.swift; path = ContentModel.swift; sourceTree = "<group>"; };
		D221F47927221E1500BAAB3A /* style.html */ = {isa = PBXFileReference; fileEncoding = 4; lastKnownFileType = text.html; path = style.html; sourceTree = "<group>"; };
		D221F47A27221E1500BAAB3A /* data.json */ = {isa = PBXFileReference; fileEncoding = 4; lastKnownFileType = text.json; path = data.json; sourceTree = "<group>"; };
		D221F47D27221FF700BAAB3A /* Models.swift */ = {isa = PBXFileReference; lastKnownFileType = sourcecode.swift; path = Models.swift; sourceTree = "<group>"; };
		D24DED4B27236FF800458C03 /* RectangleCard.swift */ = {isa = PBXFileReference; lastKnownFileType = sourcecode.swift; path = RectangleCard.swift; sourceTree = "<group>"; };
		D24DED4D2723715900458C03 /* TestView.swift */ = {isa = PBXFileReference; lastKnownFileType = sourcecode.swift; path = TestView.swift; sourceTree = "<group>"; };
		D27DB40D2723228B00AEDFFA /* HomeViewRow.swift */ = {isa = PBXFileReference; lastKnownFileType = sourcecode.swift; path = HomeViewRow.swift; sourceTree = "<group>"; };
		D27DB40F2723257200AEDFFA /* ContentView.swift */ = {isa = PBXFileReference; lastKnownFileType = sourcecode.swift; path = ContentView.swift; sourceTree = "<group>"; };
		D27DB41127232C5300AEDFFA /* ContentViewRow.swift */ = {isa = PBXFileReference; lastKnownFileType = sourcecode.swift; path = ContentViewRow.swift; sourceTree = "<group>"; };
		D27DB41327232D7800AEDFFA /* ContentDetailView.swift */ = {isa = PBXFileReference; lastKnownFileType = sourcecode.swift; path = ContentDetailView.swift; sourceTree = "<group>"; };
		D27DB41627232F2000AEDFFA /* AVKit.framework */ = {isa = PBXFileReference; lastKnownFileType = wrapper.framework; name = AVKit.framework; path = System/Library/Frameworks/AVKit.framework; sourceTree = SDKROOT; };
		D27DB4182723301E00AEDFFA /* Constants.swift */ = {isa = PBXFileReference; lastKnownFileType = sourcecode.swift; path = Constants.swift; sourceTree = "<group>"; };
		D27DB41A27234A0300AEDFFA /* CodeTextView.swift */ = {isa = PBXFileReference; lastKnownFileType = sourcecode.swift; path = CodeTextView.swift; sourceTree = "<group>"; };
/* End PBXFileReference section */

/* Begin PBXFrameworksBuildPhase section */
		D221F45E27221B8900BAAB3A /* Frameworks */ = {
			isa = PBXFrameworksBuildPhase;
			buildActionMask = 2147483647;
			files = (
				D27DB41727232F2000AEDFFA /* AVKit.framework in Frameworks */,
			);
			runOnlyForDeploymentPostprocessing = 0;
		};
/* End PBXFrameworksBuildPhase section */

/* Begin PBXGroup section */
		D221F45827221B8900BAAB3A = {
			isa = PBXGroup;
			children = (
				D221F46327221B8900BAAB3A /* LearningApp */,
				D221F46227221B8900BAAB3A /* Products */,
				D27DB41527232F2000AEDFFA /* Frameworks */,
			);
			sourceTree = "<group>";
		};
		D221F46227221B8900BAAB3A /* Products */ = {
			isa = PBXGroup;
			children = (
				D221F46127221B8900BAAB3A /* LearningApp.app */,
			);
			name = Products;
			sourceTree = "<group>";
		};
		D221F46327221B8900BAAB3A /* LearningApp */ = {
			isa = PBXGroup;
			children = (
				D221F46427221B8900BAAB3A /* LearningApp.swift */,
				D221F47227221C1D00BAAB3A /* Views */,
				D221F47327221C2300BAAB3A /* ViewModels */,
				D221F47427221C2900BAAB3A /* Models */,
				D221F47527221C2E00BAAB3A /* Resources */,
				D221F47627221C3300BAAB3A /* Helpers */,
				D221F46827221B8A00BAAB3A /* Assets.xcassets */,
				D221F46A27221B8A00BAAB3A /* Preview Content */,
			);
			path = LearningApp;
			sourceTree = "<group>";
		};
		D221F46A27221B8A00BAAB3A /* Preview Content */ = {
			isa = PBXGroup;
			children = (
				D221F46B27221B8A00BAAB3A /* Preview Assets.xcassets */,
			);
			path = "Preview Content";
			sourceTree = "<group>";
		};
		D221F47227221C1D00BAAB3A /* Views */ = {
			isa = PBXGroup;
			children = (
				D221F46627221B8900BAAB3A /* HomeView.swift */,
				D27DB40D2723228B00AEDFFA /* HomeViewRow.swift */,
				D27DB40F2723257200AEDFFA /* ContentView.swift */,
				D27DB41127232C5300AEDFFA /* ContentViewRow.swift */,
				D27DB41327232D7800AEDFFA /* ContentDetailView.swift */,
				D24DED4D2723715900458C03 /* TestView.swift */,
				D21A2F93272720D500A99316 /* TestResultView.swift */,
				D27DB41A27234A0300AEDFFA /* CodeTextView.swift */,
				D24DED4B27236FF800458C03 /* RectangleCard.swift */,
			);
			path = Views;
			sourceTree = "<group>";
		};
		D221F47327221C2300BAAB3A /* ViewModels */ = {
			isa = PBXGroup;
			children = (
				D221F47727221C7300BAAB3A /* ContentModel.swift */,
			);
			path = ViewModels;
			sourceTree = "<group>";
		};
		D221F47427221C2900BAAB3A /* Models */ = {
			isa = PBXGroup;
			children = (
				D221F47D27221FF700BAAB3A /* Models.swift */,
			);
			path = Models;
			sourceTree = "<group>";
		};
		D221F47527221C2E00BAAB3A /* Resources */ = {
			isa = PBXGroup;
			children = (
				D221F47A27221E1500BAAB3A /* data.json */,
				D221F47927221E1500BAAB3A /* style.html */,
				D27DB4182723301E00AEDFFA /* Constants.swift */,
			);
			path = Resources;
			sourceTree = "<group>";
		};
		D221F47627221C3300BAAB3A /* Helpers */ = {
			isa = PBXGroup;
			children = (
			);
			path = Helpers;
			sourceTree = "<group>";
		};
		D27DB41527232F2000AEDFFA /* Frameworks */ = {
			isa = PBXGroup;
			children = (
				D27DB41627232F2000AEDFFA /* AVKit.framework */,
			);
			name = Frameworks;
			sourceTree = "<group>";
		};
/* End PBXGroup section */

/* Begin PBXNativeTarget section */
		D221F46027221B8900BAAB3A /* LearningApp */ = {
			isa = PBXNativeTarget;
			buildConfigurationList = D221F46F27221B8A00BAAB3A /* Build configuration list for PBXNativeTarget "LearningApp" */;
			buildPhases = (
				D221F45D27221B8900BAAB3A /* Sources */,
				D221F45E27221B8900BAAB3A /* Frameworks */,
				D221F45F27221B8900BAAB3A /* Resources */,
			);
			buildRules = (
			);
			dependencies = (
			);
			name = LearningApp;
			productName = LearningApp;
			productReference = D221F46127221B8900BAAB3A /* LearningApp.app */;
			productType = "com.apple.product-type.application";
		};
/* End PBXNativeTarget section */

/* Begin PBXProject section */
		D221F45927221B8900BAAB3A /* Project object */ = {
			isa = PBXProject;
			attributes = {
				BuildIndependentTargetsInParallel = 1;
				LastSwiftUpdateCheck = 1300;
				LastUpgradeCheck = 1300;
				TargetAttributes = {
					D221F46027221B8900BAAB3A = {
						CreatedOnToolsVersion = 13.0;
					};
				};
			};
			buildConfigurationList = D221F45C27221B8900BAAB3A /* Build configuration list for PBXProject "LearningApp" */;
			compatibilityVersion = "Xcode 13.0";
			developmentRegion = en;
			hasScannedForEncodings = 0;
			knownRegions = (
				en,
				Base,
			);
			mainGroup = D221F45827221B8900BAAB3A;
			productRefGroup = D221F46227221B8900BAAB3A /* Products */;
			projectDirPath = "";
			projectRoot = "";
			targets = (
				D221F46027221B8900BAAB3A /* LearningApp */,
			);
		};
/* End PBXProject section */

/* Begin PBXResourcesBuildPhase section */
		D221F45F27221B8900BAAB3A /* Resources */ = {
			isa = PBXResourcesBuildPhase;
			buildActionMask = 2147483647;
			files = (
				D221F47B27221E1500BAAB3A /* style.html in Resources */,
				D221F46C27221B8A00BAAB3A /* Preview Assets.xcassets in Resources */,
				D221F46927221B8A00BAAB3A /* Assets.xcassets in Resources */,
				D221F47C27221E1500BAAB3A /* data.json in Resources */,
			);
			runOnlyForDeploymentPostprocessing = 0;
		};
/* End PBXResourcesBuildPhase section */

/* Begin PBXSourcesBuildPhase section */
		D221F45D27221B8900BAAB3A /* Sources */ = {
			isa = PBXSourcesBuildPhase;
			buildActionMask = 2147483647;
			files = (
				D24DED4E2723715900458C03 /* TestView.swift in Sources */,
				D21A2F94272720D500A99316 /* TestResultView.swift in Sources */,
				D221F46727221B8900BAAB3A /* HomeView.swift in Sources */,
				D27DB40E2723228B00AEDFFA /* HomeViewRow.swift in Sources */,
				D27DB4102723257200AEDFFA /* ContentView.swift in Sources */,
				D27DB41427232D7800AEDFFA /* ContentDetailView.swift in Sources */,
				D221F46527221B8900BAAB3A /* LearningApp.swift in Sources */,
				D27DB41227232C5300AEDFFA /* ContentViewRow.swift in Sources */,
				D27DB41B27234A0300AEDFFA /* CodeTextView.swift in Sources */,
				D221F47827221C7300BAAB3A /* ContentModel.swift in Sources */,
				D221F47E27221FF700BAAB3A /* Models.swift in Sources */,
				D24DED4C27236FF800458C03 /* RectangleCard.swift in Sources */,
				D27DB4192723301E00AEDFFA /* Constants.swift in Sources */,
			);
			runOnlyForDeploymentPostprocessing = 0;
		};
/* End PBXSourcesBuildPhase section */

/* Begin XCBuildConfiguration section */
		D221F46D27221B8A00BAAB3A /* Debug */ = {
			isa = XCBuildConfiguration;
			buildSettings = {
				ALWAYS_SEARCH_USER_PATHS = NO;
				CLANG_ANALYZER_NONNULL = YES;
				CLANG_ANALYZER_NUMBER_OBJECT_CONVERSION = YES_AGGRESSIVE;
				CLANG_CXX_LANGUAGE_STANDARD = "gnu++17";
				CLANG_CXX_LIBRARY = "libc++";
				CLANG_ENABLE_MODULES = YES;
				CLANG_ENABLE_OBJC_ARC = YES;
				CLANG_ENABLE_OBJC_WEAK = YES;
				CLANG_WARN_BLOCK_CAPTURE_AUTORELEASING = YES;
				CLANG_WARN_BOOL_CONVERSION = YES;
				CLANG_WARN_COMMA = YES;
				CLANG_WARN_CONSTANT_CONVERSION = YES;
				CLANG_WARN_DEPRECATED_OBJC_IMPLEMENTATIONS = YES;
				CLANG_WARN_DIRECT_OBJC_ISA_USAGE = YES_ERROR;
				CLANG_WARN_DOCUMENTATION_COMMENTS = YES;
				CLANG_WARN_EMPTY_BODY = YES;
				CLANG_WARN_ENUM_CONVERSION = YES;
				CLANG_WARN_INFINITE_RECURSION = YES;
				CLANG_WARN_INT_CONVERSION = YES;
				CLANG_WARN_NON_LITERAL_NULL_CONVERSION = YES;
				CLANG_WARN_OBJC_IMPLICIT_RETAIN_SELF = YES;
				CLANG_WARN_OBJC_LITERAL_CONVERSION = YES;
				CLANG_WARN_OBJC_ROOT_CLASS = YES_ERROR;
				CLANG_WARN_QUOTED_INCLUDE_IN_FRAMEWORK_HEADER = YES;
				CLANG_WARN_RANGE_LOOP_ANALYSIS = YES;
				CLANG_WARN_STRICT_PROTOTYPES = YES;
				CLANG_WARN_SUSPICIOUS_MOVE = YES;
				CLANG_WARN_UNGUARDED_AVAILABILITY = YES_AGGRESSIVE;
				CLANG_WARN_UNREACHABLE_CODE = YES;
				CLANG_WARN__DUPLICATE_METHOD_MATCH = YES;
				COPY_PHASE_STRIP = NO;
				DEBUG_INFORMATION_FORMAT = dwarf;
				ENABLE_STRICT_OBJC_MSGSEND = YES;
				ENABLE_TESTABILITY = YES;
				GCC_C_LANGUAGE_STANDARD = gnu11;
				GCC_DYNAMIC_NO_PIC = NO;
				GCC_NO_COMMON_BLOCKS = YES;
				GCC_OPTIMIZATION_LEVEL = 0;
				GCC_PREPROCESSOR_DEFINITIONS = (
					"DEBUG=1",
					"$(inherited)",
				);
				GCC_WARN_64_TO_32_BIT_CONVERSION = YES;
				GCC_WARN_ABOUT_RETURN_TYPE = YES_ERROR;
				GCC_WARN_UNDECLARED_SELECTOR = YES;
				GCC_WARN_UNINITIALIZED_AUTOS = YES_AGGRESSIVE;
				GCC_WARN_UNUSED_FUNCTION = YES;
				GCC_WARN_UNUSED_VARIABLE = YES;
				IPHONEOS_DEPLOYMENT_TARGET = 15.0;
				MTL_ENABLE_DEBUG_INFO = INCLUDE_SOURCE;
				MTL_FAST_MATH = YES;
				ONLY_ACTIVE_ARCH = YES;
				SDKROOT = iphoneos;
				SWIFT_ACTIVE_COMPILATION_CONDITIONS = DEBUG;
				SWIFT_OPTIMIZATION_LEVEL = "-Onone";
			};
			name = Debug;
		};
		D221F46E27221B8A00BAAB3A /* Release */ = {
			isa = XCBuildConfiguration;
			buildSettings = {
				ALWAYS_SEARCH_USER_PATHS = NO;
				CLANG_ANALYZER_NONNULL = YES;
				CLANG_ANALYZER_NUMBER_OBJECT_CONVERSION = YES_AGGRESSIVE;
				CLANG_CXX_LANGUAGE_STANDARD = "gnu++17";
				CLANG_CXX_LIBRARY = "libc++";
				CLANG_ENABLE_MODULES = YES;
				CLANG_ENABLE_OBJC_ARC = YES;
				CLANG_ENABLE_OBJC_WEAK = YES;
				CLANG_WARN_BLOCK_CAPTURE_AUTORELEASING = YES;
				CLANG_WARN_BOOL_CONVERSION = YES;
				CLANG_WARN_COMMA = YES;
				CLANG_WARN_CONSTANT_CONVERSION = YES;
				CLANG_WARN_DEPRECATED_OBJC_IMPLEMENTATIONS = YES;
				CLANG_WARN_DIRECT_OBJC_ISA_USAGE = YES_ERROR;
				CLANG_WARN_DOCUMENTATION_COMMENTS = YES;
				CLANG_WARN_EMPTY_BODY = YES;
				CLANG_WARN_ENUM_CONVERSION = YES;
				CLANG_WARN_INFINITE_RECURSION = YES;
				CLANG_WARN_INT_CONVERSION = YES;
				CLANG_WARN_NON_LITERAL_NULL_CONVERSION = YES;
				CLANG_WARN_OBJC_IMPLICIT_RETAIN_SELF = YES;
				CLANG_WARN_OBJC_LITERAL_CONVERSION = YES;
				CLANG_WARN_OBJC_ROOT_CLASS = YES_ERROR;
				CLANG_WARN_QUOTED_INCLUDE_IN_FRAMEWORK_HEADER = YES;
				CLANG_WARN_RANGE_LOOP_ANALYSIS = YES;
				CLANG_WARN_STRICT_PROTOTYPES = YES;
				CLANG_WARN_SUSPICIOUS_MOVE = YES;
				CLANG_WARN_UNGUARDED_AVAILABILITY = YES_AGGRESSIVE;
				CLANG_WARN_UNREACHABLE_CODE = YES;
				CLANG_WARN__DUPLICATE_METHOD_MATCH = YES;
				COPY_PHASE_STRIP = NO;
				DEBUG_INFORMATION_FORMAT = "dwarf-with-dsym";
				ENABLE_NS_ASSERTIONS = NO;
				ENABLE_STRICT_OBJC_MSGSEND = YES;
				GCC_C_LANGUAGE_STANDARD = gnu11;
				GCC_NO_COMMON_BLOCKS = YES;
				GCC_WARN_64_TO_32_BIT_CONVERSION = YES;
				GCC_WARN_ABOUT_RETURN_TYPE = YES_ERROR;
				GCC_WARN_UNDECLARED_SELECTOR = YES;
				GCC_WARN_UNINITIALIZED_AUTOS = YES_AGGRESSIVE;
				GCC_WARN_UNUSED_FUNCTION = YES;
				GCC_WARN_UNUSED_VARIABLE = YES;
				IPHONEOS_DEPLOYMENT_TARGET = 15.0;
				MTL_ENABLE_DEBUG_INFO = NO;
				MTL_FAST_MATH = YES;
				SDKROOT = iphoneos;
				SWIFT_COMPILATION_MODE = wholemodule;
				SWIFT_OPTIMIZATION_LEVEL = "-O";
				VALIDATE_PRODUCT = YES;
			};
			name = Release;
		};
		D221F47027221B8A00BAAB3A /* Debug */ = {
			isa = XCBuildConfiguration;
			buildSettings = {
				ASSETCATALOG_COMPILER_APPICON_NAME = AppIcon;
				ASSETCATALOG_COMPILER_GLOBAL_ACCENT_COLOR_NAME = AccentColor;
				CODE_SIGN_STYLE = Automatic;
				CURRENT_PROJECT_VERSION = 1;
				DEVELOPMENT_ASSET_PATHS = "\"LearningApp/Preview Content\"";
				DEVELOPMENT_TEAM = M75D334JQ5;
				ENABLE_PREVIEWS = YES;
				GENERATE_INFOPLIST_FILE = YES;
				INFOPLIST_KEY_UIApplicationSceneManifest_Generation = YES;
				INFOPLIST_KEY_UIApplicationSupportsIndirectInputEvents = YES;
				INFOPLIST_KEY_UILaunchScreen_Generation = YES;
				INFOPLIST_KEY_UISupportedInterfaceOrientations_iPad = "UIInterfaceOrientationPortrait UIInterfaceOrientationPortraitUpsideDown UIInterfaceOrientationLandscapeLeft UIInterfaceOrientationLandscapeRight";
				INFOPLIST_KEY_UISupportedInterfaceOrientations_iPhone = "UIInterfaceOrientationPortrait UIInterfaceOrientationLandscapeLeft UIInterfaceOrientationLandscapeRight";
				IPHONEOS_DEPLOYMENT_TARGET = 14.0;
				LD_RUNPATH_SEARCH_PATHS = (
					"$(inherited)",
					"@executable_path/Frameworks",
				);
				MARKETING_VERSION = 1.0;
				PRODUCT_BUNDLE_IDENTIFIER = com.tyler.cook.LearningApp;
				PRODUCT_NAME = "$(TARGET_NAME)";
				SWIFT_EMIT_LOC_STRINGS = YES;
				SWIFT_VERSION = 5.0;
				TARGETED_DEVICE_FAMILY = "1,2";
			};
			name = Debug;
		};
		D221F47127221B8A00BAAB3A /* Release */ = {
			isa = XCBuildConfiguration;
			buildSettings = {
				ASSETCATALOG_COMPILER_APPICON_NAME = AppIcon;
				ASSETCATALOG_COMPILER_GLOBAL_ACCENT_COLOR_NAME = AccentColor;
				CODE_SIGN_STYLE = Automatic;
				CURRENT_PROJECT_VERSION = 1;
				DEVELOPMENT_ASSET_PATHS = "\"LearningApp/Preview Content\"";
				DEVELOPMENT_TEAM = M75D334JQ5;
				ENABLE_PREVIEWS = YES;
				GENERATE_INFOPLIST_FILE = YES;
				INFOPLIST_KEY_UIApplicationSceneManifest_Generation = YES;
				INFOPLIST_KEY_UIApplicationSupportsIndirectInputEvents = YES;
				INFOPLIST_KEY_UILaunchScreen_Generation = YES;
				INFOPLIST_KEY_UISupportedInterfaceOrientations_iPad = "UIInterfaceOrientationPortrait UIInterfaceOrientationPortraitUpsideDown UIInterfaceOrientationLandscapeLeft UIInterfaceOrientationLandscapeRight";
				INFOPLIST_KEY_UISupportedInterfaceOrientations_iPhone = "UIInterfaceOrientationPortrait UIInterfaceOrientationLandscapeLeft UIInterfaceOrientationLandscapeRight";
				IPHONEOS_DEPLOYMENT_TARGET = 14.0;
				LD_RUNPATH_SEARCH_PATHS = (
					"$(inherited)",
					"@executable_path/Frameworks",
				);
				MARKETING_VERSION = 1.0;
				PRODUCT_BUNDLE_IDENTIFIER = com.tyler.cook.LearningApp;
				PRODUCT_NAME = "$(TARGET_NAME)";
				SWIFT_EMIT_LOC_STRINGS = YES;
				SWIFT_VERSION = 5.0;
				TARGETED_DEVICE_FAMILY = "1,2";
			};
			name = Release;
		};
/* End XCBuildConfiguration section */

/* Begin XCConfigurationList section */
		D221F45C27221B8900BAAB3A /* Build configuration list for PBXProject "LearningApp" */ = {
			isa = XCConfigurationList;
			buildConfigurations = (
				D221F46D27221B8A00BAAB3A /* Debug */,
				D221F46E27221B8A00BAAB3A /* Release */,
			);
			defaultConfigurationIsVisible = 0;
			defaultConfigurationName = Release;
		};
		D221F46F27221B8A00BAAB3A /* Build configuration list for PBXNativeTarget "LearningApp" */ = {
			isa = XCConfigurationList;
			buildConfigurations = (
				D221F47027221B8A00BAAB3A /* Debug */,
				D221F47127221B8A00BAAB3A /* Release */,
			);
			defaultConfigurationIsVisible = 0;
			defaultConfigurationName = Release;
		};
/* End XCConfigurationList section */
	};
	rootObject = D221F45927221B8900BAAB3A /* Project object */;
}
